
Microsoft Visual Studio Solution File, Format Version 12.00
# Visual Studio Version 17
VisualStudioVersion = 17.10.34916.146
MinimumVisualStudioVersion = 10.0.40219.1
Project("{FAE04EC0-301F-11D3-BF4B-00C04F79EFBC}") = "TodoAPI", "TodoAPI\TodoAPI.csproj", "{DAE826E7-89EC-41C2-83B1-FBD87B593E63}"
EndProject
Global
	GlobalSection(SolutionConfigurationPlatforms) = preSolution
		Debug|Any CPU = Debug|Any CPU
		Release|Any CPU = Release|Any CPU
	EndGlobalSection
	GlobalSection(ProjectConfigurationPlatforms) = postSolution
		{DAE826E7-89EC-41C2-83B1-FBD87B593E63}.Debug|Any CPU.ActiveCfg = Debug|Any CPU
		{DAE826E7-89EC-41C2-83B1-FBD87B593E63}.Debug|Any CPU.Build.0 = Debug|Any CPU
		{DAE826E7-89EC-41C2-83B1-FBD87B593E63}.Release|Any CPU.ActiveCfg = Release|Any CPU
		{DAE826E7-89EC-41C2-83B1-FBD87B593E63}.Release|Any CPU.Build.0 = Release|Any CPU
	EndGlobalSection
	GlobalSection(SolutionProperties) = preSolution
		HideSolutionNode = FALSE
	EndGlobalSection
	GlobalSection(ExtensibilityGlobals) = postSolution
		SolutionGuid = {75062E3D-7F37-458C-AB90-AD39390AE652}
	EndGlobalSection
EndGlobal
